// !$*UTF8*$!
{
	archiveVersion = 1;
	classes = {
	};
	objectVersion = 46;
	objects = {

/* Begin PBXBuildFile section */
		407DF7FB1BE25A02002891A3 /* AppDelegate.swift in Sources */ = {isa = PBXBuildFile; fileRef = 407DF7FA1BE25A02002891A3 /* AppDelegate.swift */; };
		407DF7FD1BE25A02002891A3 /* ViewController.swift in Sources */ = {isa = PBXBuildFile; fileRef = 407DF7FC1BE25A02002891A3 /* ViewController.swift */; };
		407DF8001BE25A02002891A3 /* Main.storyboard in Resources */ = {isa = PBXBuildFile; fileRef = 407DF7FE1BE25A02002891A3 /* Main.storyboard */; };
		407DF8021BE25A02002891A3 /* Assets.xcassets in Resources */ = {isa = PBXBuildFile; fileRef = 407DF8011BE25A02002891A3 /* Assets.xcassets */; };
		407DF8051BE25A02002891A3 /* LaunchScreen.storyboard in Resources */ = {isa = PBXBuildFile; fileRef = 407DF8031BE25A02002891A3 /* LaunchScreen.storyboard */; };
		407DF80E1BE25A22002891A3 /* HTYTextField.swift in Sources */ = {isa = PBXBuildFile; fileRef = 407DF80D1BE25A22002891A3 /* HTYTextField.swift */; settings = {ASSET_TAGS = (); }; };
/* End PBXBuildFile section */

/* Begin PBXFileReference section */
		407DF7F71BE25A02002891A3 /* HTYTextFieldDemo.app */ = {isa = PBXFileReference; explicitFileType = wrapper.application; includeInIndex = 0; path = HTYTextFieldDemo.app; sourceTree = BUILT_PRODUCTS_DIR; };
		407DF7FA1BE25A02002891A3 /* AppDelegate.swift */ = {isa = PBXFileReference; lastKnownFileType = sourcecode.swift; path = AppDelegate.swift; sourceTree = "<group>"; };
		407DF7FC1BE25A02002891A3 /* ViewController.swift */ = {isa = PBXFileReference; lastKnownFileType = sourcecode.swift; path = ViewController.swift; sourceTree = "<group>"; };
		407DF7FF1BE25A02002891A3 /* Base */ = {isa = PBXFileReference; lastKnownFileType = file.storyboard; name = Base; path = Base.lproj/Main.storyboard; sourceTree = "<group>"; };
		407DF8011BE25A02002891A3 /* Assets.xcassets */ = {isa = PBXFileReference; lastKnownFileType = folder.assetcatalog; path = Assets.xcassets; sourceTree = "<group>"; };
		407DF8041BE25A02002891A3 /* Base */ = {isa = PBXFileReference; lastKnownFileType = file.storyboard; name = Base; path = Base.lproj/LaunchScreen.storyboard; sourceTree = "<group>"; };
		407DF8061BE25A02002891A3 /* Info.plist */ = {isa = PBXFileReference; lastKnownFileType = text.plist.xml; path = Info.plist; sourceTree = "<group>"; };
		407DF80D1BE25A22002891A3 /* HTYTextField.swift */ = {isa = PBXFileReference; fileEncoding = 4; lastKnownFileType = sourcecode.swift; path = HTYTextField.swift; sourceTree = "<group>"; };
/* End PBXFileReference section */

/* Begin PBXFrameworksBuildPhase section */
		407DF7F41BE25A02002891A3 /* Frameworks */ = {
			isa = PBXFrameworksBuildPhase;
			buildActionMask = 2147483647;
			files = (
			);
			runOnlyForDeploymentPostprocessing = 0;
		};
/* End PBXFrameworksBuildPhase section */

/* Begin PBXGroup section */
		407DF7EE1BE25A02002891A3 = {
			isa = PBXGroup;
			children = (
				407DF80C1BE25A22002891A3 /* HTYTextField */,
				407DF7F91BE25A02002891A3 /* HTYTextFieldDemo */,
				407DF7F81BE25A02002891A3 /* Products */,
			);
			sourceTree = "<group>";
		};
		407DF7F81BE25A02002891A3 /* Products */ = {
			isa = PBXGroup;
			children = (
				407DF7F71BE25A02002891A3 /* HTYTextFieldDemo.app */,
			);
			name = Products;
			sourceTree = "<group>";
		};
		407DF7F91BE25A02002891A3 /* HTYTextFieldDemo */ = {
			isa = PBXGroup;
			children = (
				407DF7FA1BE25A02002891A3 /* AppDelegate.swift */,
				407DF7FC1BE25A02002891A3 /* ViewController.swift */,
				407DF7FE1BE25A02002891A3 /* Main.storyboard */,
				407DF8011BE25A02002891A3 /* Assets.xcassets */,
				407DF8031BE25A02002891A3 /* LaunchScreen.storyboard */,
				407DF8061BE25A02002891A3 /* Info.plist */,
			);
			path = HTYTextFieldDemo;
			sourceTree = "<group>";
		};
		407DF80C1BE25A22002891A3 /* HTYTextField */ = {
			isa = PBXGroup;
			children = (
				407DF80D1BE25A22002891A3 /* HTYTextField.swift */,
			);
			path = HTYTextField;
			sourceTree = "<group>";
		};
/* End PBXGroup section */

/* Begin PBXNativeTarget section */
		407DF7F61BE25A02002891A3 /* HTYTextFieldDemo */ = {
			isa = PBXNativeTarget;
			buildConfigurationList = 407DF8091BE25A02002891A3 /* Build configuration list for PBXNativeTarget "HTYTextFieldDemo" */;
			buildPhases = (
				407DF7F31BE25A02002891A3 /* Sources */,
				407DF7F41BE25A02002891A3 /* Frameworks */,
				407DF7F51BE25A02002891A3 /* Resources */,
			);
			buildRules = (
			);
			dependencies = (
			);
			name = HTYTextFieldDemo;
			productName = HTYTextFieldDemo;
			productReference = 407DF7F71BE25A02002891A3 /* HTYTextFieldDemo.app */;
			productType = "com.apple.product-type.application";
		};
/* End PBXNativeTarget section */

/* Begin PBXProject section */
		407DF7EF1BE25A02002891A3 /* Project object */ = {
			isa = PBXProject;
			attributes = {
				LastUpgradeCheck = 0700;
				ORGANIZATIONNAME = Hanton;
				TargetAttributes = {
					407DF7F61BE25A02002891A3 = {
						CreatedOnToolsVersion = 7.0.1;
					};
				};
			};
			buildConfigurationList = 407DF7F21BE25A02002891A3 /* Build configuration list for PBXProject "HTYTextFieldDemo" */;
			compatibilityVersion = "Xcode 3.2";
			developmentRegion = English;
			hasScannedForEncodings = 0;
			knownRegions = (
				en,
				Base,
			);
			mainGroup = 407DF7EE1BE25A02002891A3;
			productRefGroup = 407DF7F81BE25A02002891A3 /* Products */;
			projectDirPath = "";
			projectRoot = "";
			targets = (
				407DF7F61BE25A02002891A3 /* HTYTextFieldDemo */,
			);
		};
/* End PBXProject section */

/* Begin PBXResourcesBuildPhase section */
		407DF7F51BE25A02002891A3 /* Resources */ = {
			isa = PBXResourcesBuildPhase;
			buildActionMask = 2147483647;
			files = (
				407DF8051BE25A02002891A3 /* LaunchScreen.storyboard in Resources */,
				407DF8021BE25A02002891A3 /* Assets.xcassets in Resources */,
				407DF8001BE25A02002891A3 /* Main.storyboard in Resources */,
			);
			runOnlyForDeploymentPostprocessing = 0;
		};
/* End PBXResourcesBuildPhase section */

/* Begin PBXSourcesBuildPhase section */
		407DF7F31BE25A02002891A3 /* Sources */ = {
			isa = PBXSourcesBuildPhase;
			buildActionMask = 2147483647;
			files = (
				407DF7FD1BE25A02002891A3 /* ViewController.swift in Sources */,
				407DF7FB1BE25A02002891A3 /* AppDelegate.swift in Sources */,
				407DF80E1BE25A22002891A3 /* HTYTextField.swift in Sources */,
			);
			runOnlyForDeploymentPostprocessing = 0;
		};
/* End PBXSourcesBuildPhase section */

/* Begin PBXVariantGroup section */
		407DF7FE1BE25A02002891A3 /* Main.storyboard */ = {
			isa = PBXVariantGroup;
			children = (
				407DF7FF1BE25A02002891A3 /* Base */,
			);
			name = Main.storyboard;
			sourceTree = "<group>";
		};
		407DF8031BE25A02002891A3 /* LaunchScreen.storyboard */ = {
			isa = PBXVariantGroup;
			children = (
				407DF8041BE25A02002891A3 /* Base */,
			);
			name = LaunchScreen.storyboard;
			sourceTree = "<group>";
		};
/* End PBXVariantGroup section */

/* Begin XCBuildConfiguration section */
		407DF8071BE25A02002891A3 /* Debug */ = {
			isa = XCBuildConfiguration;
			buildSettings = {
				ALWAYS_SEARCH_USER_PATHS = NO;
				CLANG_CXX_LANGUAGE_STANDARD = "gnu++0x";
				CLANG_CXX_LIBRARY = "libc++";
				CLANG_ENABLE_MODULES = YES;
				CLANG_ENABLE_OBJC_ARC = YES;
				CLANG_WARN_BOOL_CONVERSION = YES;
				CLANG_WARN_CONSTANT_CONVERSION = YES;
				CLANG_WARN_DIRECT_OBJC_ISA_USAGE = YES_ERROR;
				CLANG_WARN_EMPTY_BODY = YES;
				CLANG_WARN_ENUM_CONVERSION = YES;
				CLANG_WARN_INT_CONVERSION = YES;
				CLANG_WARN_OBJC_ROOT_CLASS = YES_ERROR;
				CLANG_WARN_UNREACHABLE_CODE = YES;
				CLANG_WARN__DUPLICATE_METHOD_MATCH = YES;
				"CODE_SIGN_IDENTITY[sdk=iphoneos*]" = "iPhone Developer";
				COPY_PHASE_STRIP = NO;
				DEBUG_INFORMATION_FORMAT = dwarf;
				ENABLE_STRICT_OBJC_MSGSEND = YES;
				ENABLE_TESTABILITY = YES;
				GCC_C_LANGUAGE_STANDARD = gnu99;
				GCC_DYNAMIC_NO_PIC = NO;
				GCC_NO_COMMON_BLOCKS = YES;
				GCC_OPTIMIZATION_LEVEL = 0;
				GCC_PREPROCESSOR_DEFINITIONS = (
					"DEBUG=1",
					"$(inherited)",
				);
				GCC_WARN_64_TO_32_BIT_CONVERSION = YES;
				GCC_WARN_ABOUT_RETURN_TYPE = YES_ERROR;
				GCC_WARN_UNDECLARED_SELECTOR = YES;
				GCC_WARN_UNINITIALIZED_AUTOS = YES_AGGRESSIVE;
				GCC_WARN_UNUSED_FUNCTION = YES;
				GCC_WARN_UNUSED_VARIABLE = YES;
				IPHONEOS_DEPLOYMENT_TARGET = 9.0;
				MTL_ENABLE_DEBUG_INFO = YES;
				ONLY_ACTIVE_ARCH = YES;
				SDKROOT = iphoneos;
				SWIFT_OPTIMIZATION_LEVEL = "-Onone";
				TARGETED_DEVICE_FAMILY = "1,2";
			};
			name = Debug;
		};
		407DF8081BE25A02002891A3 /* Release */ = {
			isa = XCBuildConfiguration;
			buildSettings = {
				ALWAYS_SEARCH_USER_PATHS = NO;
				CLANG_CXX_LANGUAGE_STANDARD = "gnu++0x";
				CLANG_CXX_LIBRARY = "libc++";
				CLANG_ENABLE_MODULES = YES;
				CLANG_ENABLE_OBJC_ARC = YES;
				CLANG_WARN_BOOL_CONVERSION = YES;
				CLANG_WARN_CONSTANT_CONVERSION = YES;
				CLANG_WARN_DIRECT_OBJC_ISA_USAGE = YES_ERROR;
				CLANG_WARN_EMPTY_BODY = YES;
				CLANG_WARN_ENUM_CONVERSION = YES;
				CLANG_WARN_INT_CONVERSION = YES;
				CLANG_WARN_OBJC_ROOT_CLASS = YES_ERROR;
				CLANG_WARN_UNREACHABLE_CODE = YES;
				CLANG_WARN__DUPLICATE_METHOD_MATCH = YES;
				"CODE_SIGN_IDENTITY[sdk=iphoneos*]" = "iPhone Developer";
				COPY_PHASE_STRIP = NO;
				DEBUG_INFORMATION_FORMAT = "dwarf-with-dsym";
				ENABLE_NS_ASSERTIONS = NO;
				ENABLE_STRICT_OBJC_MSGSEND = YES;
				GCC_C_LANGUAGE_STANDARD = gnu99;
				GCC_NO_COMMON_BLOCKS = YES;
				GCC_WARN_64_TO_32_BIT_CONVERSION = YES;
				GCC_WARN_ABOUT_RETURN_TYPE = YES_ERROR;
				GCC_WARN_UNDECLARED_SELECTOR = YES;
				GCC_WARN_UNINITIALIZED_AUTOS = YES_AGGRESSIVE;
				GCC_WARN_UNUSED_FUNCTION = YES;
				GCC_WARN_UNUSED_VARIABLE = YES;
				IPHONEOS_DEPLOYMENT_TARGET = 9.0;
				MTL_ENABLE_DEBUG_INFO = NO;
				SDKROOT = iphoneos;
				TARGETED_DEVICE_FAMILY = "1,2";
				VALIDATE_PRODUCT = YES;
			};
			name = Release;
		};
		407DF80A1BE25A02002891A3 /* Debug */ = {
			isa = XCBuildConfiguration;
			buildSettings = {
				ASSETCATALOG_COMPILER_APPICON_NAME = AppIcon;
				INFOPLIST_FILE = HTYTextFieldDemo/Info.plist;
				LD_RUNPATH_SEARCH_PATHS = "$(inherited) @executable_path/Frameworks";
				PRODUCT_BUNDLE_IDENTIFIER = com.hanton.HTYTextFieldDemo;
				PRODUCT_NAME = "$(TARGET_NAME)";
			};
			name = Debug;
		};
		407DF80B1BE25A02002891A3 /* Release */ = {
			isa = XCBuildConfiguration;
			buildSettings = {
				ASSETCATALOG_COMPILER_APPICON_NAME = AppIcon;
				INFOPLIST_FILE = HTYTextFieldDemo/Info.plist;
				LD_RUNPATH_SEARCH_PATHS = "$(inherited) @executable_path/Frameworks";
				PRODUCT_BUNDLE_IDENTIFIER = com.hanton.HTYTextFieldDemo;
				PRODUCT_NAME = "$(TARGET_NAME)";
			};
			name = Release;
		};
/* End XCBuildConfiguration section */

/* Begin XCConfigurationList section */
		407DF7F21BE25A02002891A3 /* Build configuration list for PBXProject "HTYTextFieldDemo" */ = {
			isa = XCConfigurationList;
			buildConfigurations = (
				407DF8071BE25A02002891A3 /* Debug */,
				407DF8081BE25A02002891A3 /* Release */,
			);
			defaultConfigurationIsVisible = 0;
			defaultConfigurationName = Release;
		};
		407DF8091BE25A02002891A3 /* Build configuration list for PBXNativeTarget "HTYTextFieldDemo" */ = {
			isa = XCConfigurationList;
			buildConfigurations = (
				407DF80A1BE25A02002891A3 /* Debug */,
				407DF80B1BE25A02002891A3 /* Release */,
			);
			defaultConfigurationIsVisible = 0;
			defaultConfigurationName = Release;
		};
/* End XCConfigurationList section */
	};
	rootObject = 407DF7EF1BE25A02002891A3 /* Project object */;
}
